// !$*UTF8*$!
{
	archiveVersion = 1;
	classes = {
	};
	objectVersion = 56;
	objects = {

/* Begin PBXBuildFile section */
		6FBFB99C29B51F3C00774604 /* AppDelegate.swift in Sources */ = {isa = PBXBuildFile; fileRef = 6FBFB99B29B51F3C00774604 /* AppDelegate.swift */; };
		6FBFB99E29B51F3C00774604 /* SceneDelegate.swift in Sources */ = {isa = PBXBuildFile; fileRef = 6FBFB99D29B51F3C00774604 /* SceneDelegate.swift */; };
		6FBFB9A029B51F3C00774604 /* NotesListViewController.swift in Sources */ = {isa = PBXBuildFile; fileRef = 6FBFB99F29B51F3C00774604 /* NotesListViewController.swift */; };
		6FBFB9A329B51F3C00774604 /* Main.storyboard in Resources */ = {isa = PBXBuildFile; fileRef = 6FBFB9A129B51F3C00774604 /* Main.storyboard */; };
		6FBFB9A529B51F3D00774604 /* Assets.xcassets in Resources */ = {isa = PBXBuildFile; fileRef = 6FBFB9A429B51F3D00774604 /* Assets.xcassets */; };
		6FBFB9A829B51F3D00774604 /* LaunchScreen.storyboard in Resources */ = {isa = PBXBuildFile; fileRef = 6FBFB9A629B51F3D00774604 /* LaunchScreen.storyboard */; };
		6FBFB9B429B52A8F00774604 /* NoteCellView.swift in Sources */ = {isa = PBXBuildFile; fileRef = 6FBFB9B329B52A8F00774604 /* NoteCellView.swift */; };
		6FBFB9B729B61FAF00774604 /* Note.swift in Sources */ = {isa = PBXBuildFile; fileRef = 6FBFB9B629B61FAF00774604 /* Note.swift */; };
		6FBFB9BA29B6273000774604 /* Constants.swift in Sources */ = {isa = PBXBuildFile; fileRef = 6FBFB9B929B6273000774604 /* Constants.swift */; };
		6FBFB9BD29B6323100774604 /* EditNoteViewController.swift in Sources */ = {isa = PBXBuildFile; fileRef = 6FBFB9BC29B6323100774604 /* EditNoteViewController.swift */; };
/* End PBXBuildFile section */

/* Begin PBXFileReference section */
		6FBFB99829B51F3C00774604 /* Notes Clone.app */ = {isa = PBXFileReference; explicitFileType = wrapper.application; includeInIndex = 0; path = "Notes Clone.app"; sourceTree = BUILT_PRODUCTS_DIR; };
		6FBFB99B29B51F3C00774604 /* AppDelegate.swift */ = {isa = PBXFileReference; lastKnownFileType = sourcecode.swift; path = AppDelegate.swift; sourceTree = "<group>"; };
		6FBFB99D29B51F3C00774604 /* SceneDelegate.swift */ = {isa = PBXFileReference; lastKnownFileType = sourcecode.swift; path = SceneDelegate.swift; sourceTree = "<group>"; };
		6FBFB99F29B51F3C00774604 /* NotesListViewController.swift */ = {isa = PBXFileReference; lastKnownFileType = sourcecode.swift; path = NotesListViewController.swift; sourceTree = "<group>"; };
		6FBFB9A229B51F3C00774604 /* Base */ = {isa = PBXFileReference; lastKnownFileType = file.storyboard; name = Base; path = Base.lproj/Main.storyboard; sourceTree = "<group>"; };
		6FBFB9A429B51F3D00774604 /* Assets.xcassets */ = {isa = PBXFileReference; lastKnownFileType = folder.assetcatalog; path = Assets.xcassets; sourceTree = "<group>"; };
		6FBFB9A729B51F3D00774604 /* Base */ = {isa = PBXFileReference; lastKnownFileType = file.storyboard; name = Base; path = Base.lproj/LaunchScreen.storyboard; sourceTree = "<group>"; };
		6FBFB9A929B51F3D00774604 /* Info.plist */ = {isa = PBXFileReference; lastKnownFileType = text.plist.xml; path = Info.plist; sourceTree = "<group>"; };
		6FBFB9B329B52A8F00774604 /* NoteCellView.swift */ = {isa = PBXFileReference; lastKnownFileType = sourcecode.swift; path = NoteCellView.swift; sourceTree = "<group>"; };
		6FBFB9B629B61FAF00774604 /* Note.swift */ = {isa = PBXFileReference; lastKnownFileType = sourcecode.swift; path = Note.swift; sourceTree = "<group>"; };
		6FBFB9B929B6273000774604 /* Constants.swift */ = {isa = PBXFileReference; lastKnownFileType = sourcecode.swift; path = Constants.swift; sourceTree = "<group>"; };
		6FBFB9BC29B6323100774604 /* EditNoteViewController.swift */ = {isa = PBXFileReference; lastKnownFileType = sourcecode.swift; path = EditNoteViewController.swift; sourceTree = "<group>"; };
/* End PBXFileReference section */

/* Begin PBXFrameworksBuildPhase section */
		6FBFB99529B51F3C00774604 /* Frameworks */ = {
			isa = PBXFrameworksBuildPhase;
			buildActionMask = 2147483647;
			files = (
			);
			runOnlyForDeploymentPostprocessing = 0;
		};
/* End PBXFrameworksBuildPhase section */

/* Begin PBXGroup section */
		6FBFB98F29B51F3B00774604 = {
			isa = PBXGroup;
			children = (
				6FBFB99A29B51F3C00774604 /* Notes Clone */,
				6FBFB99929B51F3C00774604 /* Products */,
			);
			sourceTree = "<group>";
		};
		6FBFB99929B51F3C00774604 /* Products */ = {
			isa = PBXGroup;
			children = (
				6FBFB99829B51F3C00774604 /* Notes Clone.app */,
			);
			name = Products;
			sourceTree = "<group>";
		};
		6FBFB99A29B51F3C00774604 /* Notes Clone */ = {
			isa = PBXGroup;
			children = (
				6FBFB9B829B6272400774604 /* Constants */,
				6FBFB9B529B61FA300774604 /* Models */,
				6FBFB9B229B52A6C00774604 /* Views */,
				6FBFB9B029B51F8000774604 /* Controllers */,
				6FBFB99B29B51F3C00774604 /* AppDelegate.swift */,
				6FBFB99D29B51F3C00774604 /* SceneDelegate.swift */,
				6FBFB9A129B51F3C00774604 /* Main.storyboard */,
				6FBFB9A429B51F3D00774604 /* Assets.xcassets */,
				6FBFB9A629B51F3D00774604 /* LaunchScreen.storyboard */,
				6FBFB9A929B51F3D00774604 /* Info.plist */,
			);
			path = "Notes Clone";
			sourceTree = "<group>";
		};
		6FBFB9B029B51F8000774604 /* Controllers */ = {
			isa = PBXGroup;
			children = (
				6FBFB9BB29B6321200774604 /* EditNote */,
				6FBFB9B129B51F8D00774604 /* NotesList */,
			);
			path = Controllers;
			sourceTree = "<group>";
		};
		6FBFB9B129B51F8D00774604 /* NotesList */ = {
			isa = PBXGroup;
			children = (
				6FBFB99F29B51F3C00774604 /* NotesListViewController.swift */,
			);
			path = NotesList;
			sourceTree = "<group>";
		};
		6FBFB9B229B52A6C00774604 /* Views */ = {
			isa = PBXGroup;
			children = (
				6FBFB9B329B52A8F00774604 /* NoteCellView.swift */,
			);
			path = Views;
			sourceTree = "<group>";
		};
		6FBFB9B529B61FA300774604 /* Models */ = {
			isa = PBXGroup;
			children = (
				6FBFB9B629B61FAF00774604 /* Note.swift */,
			);
			path = Models;
			sourceTree = "<group>";
		};
		6FBFB9B829B6272400774604 /* Constants */ = {
			isa = PBXGroup;
			children = (
				6FBFB9B929B6273000774604 /* Constants.swift */,
			);
			path = Constants;
			sourceTree = "<group>";
		};
		6FBFB9BB29B6321200774604 /* EditNote */ = {
			isa = PBXGroup;
			children = (
				6FBFB9BC29B6323100774604 /* EditNoteViewController.swift */,
			);
			path = EditNote;
			sourceTree = "<group>";
		};
/* End PBXGroup section */

/* Begin PBXNativeTarget section */
		6FBFB99729B51F3C00774604 /* Notes Clone */ = {
			isa = PBXNativeTarget;
			buildConfigurationList = 6FBFB9AC29B51F3D00774604 /* Build configuration list for PBXNativeTarget "Notes Clone" */;
			buildPhases = (
				6FBFB99429B51F3C00774604 /* Sources */,
				6FBFB99529B51F3C00774604 /* Frameworks */,
				6FBFB99629B51F3C00774604 /* Resources */,
			);
			buildRules = (
			);
			dependencies = (
			);
			name = "Notes Clone";
			productName = "Notes Clone";
			productReference = 6FBFB99829B51F3C00774604 /* Notes Clone.app */;
			productType = "com.apple.product-type.application";
		};
/* End PBXNativeTarget section */

/* Begin PBXProject section */
		6FBFB99029B51F3B00774604 /* Project object */ = {
			isa = PBXProject;
			attributes = {
				BuildIndependentTargetsInParallel = 1;
				LastSwiftUpdateCheck = 1420;
				LastUpgradeCheck = 1420;
				TargetAttributes = {
					6FBFB99729B51F3C00774604 = {
						CreatedOnToolsVersion = 14.2;
					};
				};
			};
			buildConfigurationList = 6FBFB99329B51F3B00774604 /* Build configuration list for PBXProject "Notes Clone" */;
			compatibilityVersion = "Xcode 14.0";
			developmentRegion = en;
			hasScannedForEncodings = 0;
			knownRegions = (
				en,
				Base,
			);
			mainGroup = 6FBFB98F29B51F3B00774604;
			productRefGroup = 6FBFB99929B51F3C00774604 /* Products */;
			projectDirPath = "";
			projectRoot = "";
			targets = (
				6FBFB99729B51F3C00774604 /* Notes Clone */,
			);
		};
/* End PBXProject section */

/* Begin PBXResourcesBuildPhase section */
		6FBFB99629B51F3C00774604 /* Resources */ = {
			isa = PBXResourcesBuildPhase;
			buildActionMask = 2147483647;
			files = (
				6FBFB9A829B51F3D00774604 /* LaunchScreen.storyboard in Resources */,
				6FBFB9A529B51F3D00774604 /* Assets.xcassets in Resources */,
				6FBFB9A329B51F3C00774604 /* Main.storyboard in Resources */,
			);
			runOnlyForDeploymentPostprocessing = 0;
		};
/* End PBXResourcesBuildPhase section */

/* Begin PBXSourcesBuildPhase section */
		6FBFB99429B51F3C00774604 /* Sources */ = {
			isa = PBXSourcesBuildPhase;
			buildActionMask = 2147483647;
			files = (
				6FBFB9B729B61FAF00774604 /* Note.swift in Sources */,
				6FBFB9A029B51F3C00774604 /* NotesListViewController.swift in Sources */,
				6FBFB99C29B51F3C00774604 /* AppDelegate.swift in Sources */,
				6FBFB9BD29B6323100774604 /* EditNoteViewController.swift in Sources */,
				6FBFB9B429B52A8F00774604 /* NoteCellView.swift in Sources */,
				6FBFB99E29B51F3C00774604 /* SceneDelegate.swift in Sources */,
				6FBFB9BA29B6273000774604 /* Constants.swift in Sources */,
			);
			runOnlyForDeploymentPostprocessing = 0;
		};
/* End PBXSourcesBuildPhase section */

/* Begin PBXVariantGroup section */
		6FBFB9A129B51F3C00774604 /* Main.storyboard */ = {
			isa = PBXVariantGroup;
			children = (
				6FBFB9A229B51F3C00774604 /* Base */,
			);
			name = Main.storyboard;
			sourceTree = "<group>";
		};
		6FBFB9A629B51F3D00774604 /* LaunchScreen.storyboard */ = {
			isa = PBXVariantGroup;
			children = (
				6FBFB9A729B51F3D00774604 /* Base */,
			);
			name = LaunchScreen.storyboard;
			sourceTree = "<group>";
		};
/* End PBXVariantGroup section */

/* Begin XCBuildConfiguration section */
		6FBFB9AA29B51F3D00774604 /* Debug */ = {
			isa = XCBuildConfiguration;
			buildSettings = {
				ALWAYS_SEARCH_USER_PATHS = NO;
				CLANG_ANALYZER_NONNULL = YES;
				CLANG_ANALYZER_NUMBER_OBJECT_CONVERSION = YES_AGGRESSIVE;
				CLANG_CXX_LANGUAGE_STANDARD = "gnu++20";
				CLANG_ENABLE_MODULES = YES;
				CLANG_ENABLE_OBJC_ARC = YES;
				CLANG_ENABLE_OBJC_WEAK = YES;
				CLANG_WARN_BLOCK_CAPTURE_AUTORELEASING = YES;
				CLANG_WARN_BOOL_CONVERSION = YES;
				CLANG_WARN_COMMA = YES;
				CLANG_WARN_CONSTANT_CONVERSION = YES;
				CLANG_WARN_DEPRECATED_OBJC_IMPLEMENTATIONS = YES;
				CLANG_WARN_DIRECT_OBJC_ISA_USAGE = YES_ERROR;
				CLANG_WARN_DOCUMENTATION_COMMENTS = YES;
				CLANG_WARN_EMPTY_BODY = YES;
				CLANG_WARN_ENUM_CONVERSION = YES;
				CLANG_WARN_INFINITE_RECURSION = YES;
				CLANG_WARN_INT_CONVERSION = YES;
				CLANG_WARN_NON_LITERAL_NULL_CONVERSION = YES;
				CLANG_WARN_OBJC_IMPLICIT_RETAIN_SELF = YES;
				CLANG_WARN_OBJC_LITERAL_CONVERSION = YES;
				CLANG_WARN_OBJC_ROOT_CLASS = YES_ERROR;
				CLANG_WARN_QUOTED_INCLUDE_IN_FRAMEWORK_HEADER = YES;
				CLANG_WARN_RANGE_LOOP_ANALYSIS = YES;
				CLANG_WARN_STRICT_PROTOTYPES = YES;
				CLANG_WARN_SUSPICIOUS_MOVE = YES;
				CLANG_WARN_UNGUARDED_AVAILABILITY = YES_AGGRESSIVE;
				CLANG_WARN_UNREACHABLE_CODE = YES;
				CLANG_WARN__DUPLICATE_METHOD_MATCH = YES;
				COPY_PHASE_STRIP = NO;
				DEBUG_INFORMATION_FORMAT = dwarf;
				ENABLE_STRICT_OBJC_MSGSEND = YES;
				ENABLE_TESTABILITY = YES;
				GCC_C_LANGUAGE_STANDARD = gnu11;
				GCC_DYNAMIC_NO_PIC = NO;
				GCC_NO_COMMON_BLOCKS = YES;
				GCC_OPTIMIZATION_LEVEL = 0;
				GCC_PREPROCESSOR_DEFINITIONS = (
					"DEBUG=1",
					"$(inherited)",
				);
				GCC_WARN_64_TO_32_BIT_CONVERSION = YES;
				GCC_WARN_ABOUT_RETURN_TYPE = YES_ERROR;
				GCC_WARN_UNDECLARED_SELECTOR = YES;
				GCC_WARN_UNINITIALIZED_AUTOS = YES_AGGRESSIVE;
				GCC_WARN_UNUSED_FUNCTION = YES;
				GCC_WARN_UNUSED_VARIABLE = YES;
				IPHONEOS_DEPLOYMENT_TARGET = 16.2;
				MTL_ENABLE_DEBUG_INFO = INCLUDE_SOURCE;
				MTL_FAST_MATH = YES;
				ONLY_ACTIVE_ARCH = YES;
				SDKROOT = iphoneos;
				SWIFT_ACTIVE_COMPILATION_CONDITIONS = DEBUG;
				SWIFT_OPTIMIZATION_LEVEL = "-Onone";
			};
			name = Debug;
		};
		6FBFB9AB29B51F3D00774604 /* Release */ = {
			isa = XCBuildConfiguration;
			buildSettings = {
				ALWAYS_SEARCH_USER_PATHS = NO;
				CLANG_ANALYZER_NONNULL = YES;
				CLANG_ANALYZER_NUMBER_OBJECT_CONVERSION = YES_AGGRESSIVE;
				CLANG_CXX_LANGUAGE_STANDARD = "gnu++20";
				CLANG_ENABLE_MODULES = YES;
				CLANG_ENABLE_OBJC_ARC = YES;
				CLANG_ENABLE_OBJC_WEAK = YES;
				CLANG_WARN_BLOCK_CAPTURE_AUTORELEASING = YES;
				CLANG_WARN_BOOL_CONVERSION = YES;
				CLANG_WARN_COMMA = YES;
				CLANG_WARN_CONSTANT_CONVERSION = YES;
				CLANG_WARN_DEPRECATED_OBJC_IMPLEMENTATIONS = YES;
				CLANG_WARN_DIRECT_OBJC_ISA_USAGE = YES_ERROR;
				CLANG_WARN_DOCUMENTATION_COMMENTS = YES;
				CLANG_WARN_EMPTY_BODY = YES;
				CLANG_WARN_ENUM_CONVERSION = YES;
				CLANG_WARN_INFINITE_RECURSION = YES;
				CLANG_WARN_INT_CONVERSION = YES;
				CLANG_WARN_NON_LITERAL_NULL_CONVERSION = YES;
				CLANG_WARN_OBJC_IMPLICIT_RETAIN_SELF = YES;
				CLANG_WARN_OBJC_LITERAL_CONVERSION = YES;
				CLANG_WARN_OBJC_ROOT_CLASS = YES_ERROR;
				CLANG_WARN_QUOTED_INCLUDE_IN_FRAMEWORK_HEADER = YES;
				CLANG_WARN_RANGE_LOOP_ANALYSIS = YES;
				CLANG_WARN_STRICT_PROTOTYPES = YES;
				CLANG_WARN_SUSPICIOUS_MOVE = YES;
				CLANG_WARN_UNGUARDED_AVAILABILITY = YES_AGGRESSIVE;
				CLANG_WARN_UNREACHABLE_CODE = YES;
				CLANG_WARN__DUPLICATE_METHOD_MATCH = YES;
				COPY_PHASE_STRIP = NO;
				DEBUG_INFORMATION_FORMAT = "dwarf-with-dsym";
				ENABLE_NS_ASSERTIONS = NO;
				ENABLE_STRICT_OBJC_MSGSEND = YES;
				GCC_C_LANGUAGE_STANDARD = gnu11;
				GCC_NO_COMMON_BLOCKS = YES;
				GCC_WARN_64_TO_32_BIT_CONVERSION = YES;
				GCC_WARN_ABOUT_RETURN_TYPE = YES_ERROR;
				GCC_WARN_UNDECLARED_SELECTOR = YES;
				GCC_WARN_UNINITIALIZED_AUTOS = YES_AGGRESSIVE;
				GCC_WARN_UNUSED_FUNCTION = YES;
				GCC_WARN_UNUSED_VARIABLE = YES;
				IPHONEOS_DEPLOYMENT_TARGET = 16.2;
				MTL_ENABLE_DEBUG_INFO = NO;
				MTL_FAST_MATH = YES;
				SDKROOT = iphoneos;
				SWIFT_COMPILATION_MODE = wholemodule;
				SWIFT_OPTIMIZATION_LEVEL = "-O";
				VALIDATE_PRODUCT = YES;
			};
			name = Release;
		};
		6FBFB9AD29B51F3D00774604 /* Debug */ = {
			isa = XCBuildConfiguration;
			buildSettings = {
				ASSETCATALOG_COMPILER_APPICON_NAME = AppIcon;
				ASSETCATALOG_COMPILER_GLOBAL_ACCENT_COLOR_NAME = AccentColor;
				CODE_SIGN_STYLE = Automatic;
				CURRENT_PROJECT_VERSION = 1;
				DEVELOPMENT_TEAM = BB3AMQUNDL;
				GENERATE_INFOPLIST_FILE = YES;
				INFOPLIST_FILE = "Notes Clone/Info.plist";
				INFOPLIST_KEY_UIApplicationSupportsIndirectInputEvents = YES;
				INFOPLIST_KEY_UILaunchStoryboardName = LaunchScreen;
				INFOPLIST_KEY_UIMainStoryboardFile = Main;
				INFOPLIST_KEY_UISupportedInterfaceOrientations = UIInterfaceOrientationPortrait;
				INFOPLIST_KEY_UISupportedInterfaceOrientations_iPad = "UIInterfaceOrientationLandscapeLeft UIInterfaceOrientationLandscapeRight UIInterfaceOrientationPortrait UIInterfaceOrientationPortraitUpsideDown";
				IPHONEOS_DEPLOYMENT_TARGET = 13.0;
				LD_RUNPATH_SEARCH_PATHS = (
					"$(inherited)",
					"@executable_path/Frameworks",
				);
				MARKETING_VERSION = 1.0;
				PRODUCT_BUNDLE_IDENTIFIER = "ru.rimari.Notes-Clone";
				PRODUCT_NAME = "$(TARGET_NAME)";
				SUPPORTED_PLATFORMS = "iphoneos iphonesimulator";
				SUPPORTS_MACCATALYST = NO;
				SUPPORTS_MAC_DESIGNED_FOR_IPHONE_IPAD = NO;
				SWIFT_EMIT_LOC_STRINGS = YES;
				SWIFT_VERSION = 5.0;
				TARGETED_DEVICE_FAMILY = 1;
			};
			name = Debug;
		};
		6FBFB9AE29B51F3D00774604 /* Release */ = {
			isa = XCBuildConfiguration;
			buildSettings = {
				ASSETCATALOG_COMPILER_APPICON_NAME = AppIcon;
				ASSETCATALOG_COMPILER_GLOBAL_ACCENT_COLOR_NAME = AccentColor;
				CODE_SIGN_STYLE = Automatic;
				CURRENT_PROJECT_VERSION = 1;
				DEVELOPMENT_TEAM = BB3AMQUNDL;
				GENERATE_INFOPLIST_FILE = YES;
				INFOPLIST_FILE = "Notes Clone/Info.plist";
				INFOPLIST_KEY_UIApplicationSupportsIndirectInputEvents = YES;
				INFOPLIST_KEY_UILaunchStoryboardName = LaunchScreen;
				INFOPLIST_KEY_UIMainStoryboardFile = Main;
				INFOPLIST_KEY_UISupportedInterfaceOrientations = UIInterfaceOrientationPortrait;
				INFOPLIST_KEY_UISupportedInterfaceOrientations_iPad = "UIInterfaceOrientationLandscapeLeft UIInterfaceOrientationLandscapeRight UIInterfaceOrientationPortrait UIInterfaceOrientationPortraitUpsideDown";
				IPHONEOS_DEPLOYMENT_TARGET = 13.0;
				LD_RUNPATH_SEARCH_PATHS = (
					"$(inherited)",
					"@executable_path/Frameworks",
				);
				MARKETING_VERSION = 1.0;
				PRODUCT_BUNDLE_IDENTIFIER = "ru.rimari.Notes-Clone";
				PRODUCT_NAME = "$(TARGET_NAME)";
				SUPPORTED_PLATFORMS = "iphoneos iphonesimulator";
				SUPPORTS_MACCATALYST = NO;
				SUPPORTS_MAC_DESIGNED_FOR_IPHONE_IPAD = NO;
				SWIFT_EMIT_LOC_STRINGS = YES;
				SWIFT_VERSION = 5.0;
				TARGETED_DEVICE_FAMILY = 1;
			};
			name = Release;
		};
/* End XCBuildConfiguration section */

/* Begin XCConfigurationList section */
		6FBFB99329B51F3B00774604 /* Build configuration list for PBXProject "Notes Clone" */ = {
			isa = XCConfigurationList;
			buildConfigurations = (
				6FBFB9AA29B51F3D00774604 /* Debug */,
				6FBFB9AB29B51F3D00774604 /* Release */,
			);
			defaultConfigurationIsVisible = 0;
			defaultConfigurationName = Release;
		};
		6FBFB9AC29B51F3D00774604 /* Build configuration list for PBXNativeTarget "Notes Clone" */ = {
			isa = XCConfigurationList;
			buildConfigurations = (
				6FBFB9AD29B51F3D00774604 /* Debug */,
				6FBFB9AE29B51F3D00774604 /* Release */,
			);
			defaultConfigurationIsVisible = 0;
			defaultConfigurationName = Release;
		};
/* End XCConfigurationList section */
	};
	rootObject = 6FBFB99029B51F3B00774604 /* Project object */;
}
